// !$*UTF8*$!
{
	archiveVersion = 1;
	classes = {
	};
	objectVersion = 46;
	objects = {

/* Begin PBXBuildFile section */
		CBDA5AF313DBEC1300FAE221 /* UIKit.framework in Frameworks */ = {isa = PBXBuildFile; fileRef = CBDA5AF213DBEC1300FAE221 /* UIKit.framework */; };
		CBDA5AF513DBEC1300FAE221 /* Foundation.framework in Frameworks */ = {isa = PBXBuildFile; fileRef = CBDA5AF413DBEC1300FAE221 /* Foundation.framework */; };
		CBDA5AF713DBEC1300FAE221 /* CoreGraphics.framework in Frameworks */ = {isa = PBXBuildFile; fileRef = CBDA5AF613DBEC1300FAE221 /* CoreGraphics.framework */; };
		CBDA5AF913DBEC1300FAE221 /* CoreData.framework in Frameworks */ = {isa = PBXBuildFile; fileRef = CBDA5AF813DBEC1300FAE221 /* CoreData.framework */; };
		CBDA5AFF13DBEC1300FAE221 /* InfoPlist.strings in Resources */ = {isa = PBXBuildFile; fileRef = CBDA5AFD13DBEC1300FAE221 /* InfoPlist.strings */; };
		CBDA5B0113DBEC1300FAE221 /* main.m in Sources */ = {isa = PBXBuildFile; fileRef = CBDA5B0013DBEC1300FAE221 /* main.m */; };
		CBDA5B0513DBEC1300FAE221 /* PushBoxAppDelegate.m in Sources */ = {isa = PBXBuildFile; fileRef = CBDA5B0413DBEC1300FAE221 /* PushBoxAppDelegate.m */; };
		CBDA5B0813DBEC1300FAE221 /* MainWindow.xib in Resources */ = {isa = PBXBuildFile; fileRef = CBDA5B0613DBEC1300FAE221 /* MainWindow.xib */; };
		CBDA5B0B13DBEC1300FAE221 /* PushBox.xcdatamodeld in Sources */ = {isa = PBXBuildFile; fileRef = CBDA5B0913DBEC1300FAE221 /* PushBox.xcdatamodeld */; };
		CBDA5B1213DBEC2500FAE221 /* MobileCoreServices.framework in Frameworks */ = {isa = PBXBuildFile; fileRef = CBDA5B1113DBEC2500FAE221 /* MobileCoreServices.framework */; };
		CBDA5B1413DBEC2B00FAE221 /* SystemConfiguration.framework in Frameworks */ = {isa = PBXBuildFile; fileRef = CBDA5B1313DBEC2B00FAE221 /* SystemConfiguration.framework */; };
		CBDA5B1613DBEC3A00FAE221 /* CFNetwork.framework in Frameworks */ = {isa = PBXBuildFile; fileRef = CBDA5B1513DBEC3A00FAE221 /* CFNetwork.framework */; };
		CBDA5B1A13DBEC4D00FAE221 /* libz.1.2.3.dylib in Frameworks */ = {isa = PBXBuildFile; fileRef = CBDA5B1913DBEC4D00FAE221 /* libz.1.2.3.dylib */; };
		CBDA5B3E13DBECBD00FAE221 /* ASIAuthenticationDialog.m in Sources */ = {isa = PBXBuildFile; fileRef = CBDA5B1D13DBECBC00FAE221 /* ASIAuthenticationDialog.m */; };
		CBDA5B3F13DBECBD00FAE221 /* ASIDataCompressor.m in Sources */ = {isa = PBXBuildFile; fileRef = CBDA5B2013DBECBC00FAE221 /* ASIDataCompressor.m */; };
		CBDA5B4013DBECBD00FAE221 /* ASIDataDecompressor.m in Sources */ = {isa = PBXBuildFile; fileRef = CBDA5B2213DBECBC00FAE221 /* ASIDataDecompressor.m */; };
		CBDA5B4113DBECBD00FAE221 /* ASIDownloadCache.m in Sources */ = {isa = PBXBuildFile; fileRef = CBDA5B2413DBECBC00FAE221 /* ASIDownloadCache.m */; };
		CBDA5B4213DBECBD00FAE221 /* ASIFormDataRequest.m in Sources */ = {isa = PBXBuildFile; fileRef = CBDA5B2613DBECBC00FAE221 /* ASIFormDataRequest.m */; };
		CBDA5B4313DBECBD00FAE221 /* ASIHTTPRequest.m in Sources */ = {isa = PBXBuildFile; fileRef = CBDA5B2813DBECBC00FAE221 /* ASIHTTPRequest.m */; };
		CBDA5B4413DBECBD00FAE221 /* ASIInputStream.m in Sources */ = {isa = PBXBuildFile; fileRef = CBDA5B2C13DBECBC00FAE221 /* ASIInputStream.m */; };
		CBDA5B4513DBECBD00FAE221 /* ASINetworkQueue.m in Sources */ = {isa = PBXBuildFile; fileRef = CBDA5B2E13DBECBC00FAE221 /* ASINetworkQueue.m */; };
		CBDA5B4613DBECBD00FAE221 /* Reachability.m in Sources */ = {isa = PBXBuildFile; fileRef = CBDA5B3113DBECBD00FAE221 /* Reachability.m */; };
		CBDA5B4713DBECBD00FAE221 /* NSObject+SBJSON.m in Sources */ = {isa = PBXBuildFile; fileRef = CBDA5B3513DBECBD00FAE221 /* NSObject+SBJSON.m */; };
		CBDA5B4813DBECBD00FAE221 /* NSString+SBJSON.m in Sources */ = {isa = PBXBuildFile; fileRef = CBDA5B3713DBECBD00FAE221 /* NSString+SBJSON.m */; };
		CBDA5B4913DBECBD00FAE221 /* SBJsonBase.m in Sources */ = {isa = PBXBuildFile; fileRef = CBDA5B3913DBECBD00FAE221 /* SBJsonBase.m */; };
		CBDA5B4A13DBECBD00FAE221 /* SBJsonParser.m in Sources */ = {isa = PBXBuildFile; fileRef = CBDA5B3B13DBECBD00FAE221 /* SBJsonParser.m */; };
		CBDA5B4B13DBECBD00FAE221 /* SBJsonWriter.m in Sources */ = {isa = PBXBuildFile; fileRef = CBDA5B3D13DBECBD00FAE221 /* SBJsonWriter.m */; };
		CBDA5B5713DBECEE00FAE221 /* Base64Transcoder.c in Sources */ = {isa = PBXBuildFile; fileRef = CBDA5B4E13DBECEE00FAE221 /* Base64Transcoder.c */; };
		CBDA5B5813DBECEE00FAE221 /* NSString+URLEncoding.m in Sources */ = {isa = PBXBuildFile; fileRef = CBDA5B5113DBECEE00FAE221 /* NSString+URLEncoding.m */; };
		CBDA5B5913DBECEE00FAE221 /* OAuthHTTPRequest.m in Sources */ = {isa = PBXBuildFile; fileRef = CBDA5B5313DBECEE00FAE221 /* OAuthHTTPRequest.m */; };
		CBDA5B5A13DBECEE00FAE221 /* WeiboClient.m in Sources */ = {isa = PBXBuildFile; fileRef = CBDA5B5513DBECEE00FAE221 /* WeiboClient.m */; };
		CBDA5B5F13DBF47D00FAE221 /* Status.m in Sources */ = {isa = PBXBuildFile; fileRef = CBDA5B5E13DBF47D00FAE221 /* Status.m */; };
		CBDA5B6213DBF47E00FAE221 /* User.m in Sources */ = {isa = PBXBuildFile; fileRef = CBDA5B6113DBF47E00FAE221 /* User.m */; };
		CBDA5B6513DBF47E00FAE221 /* Comment.m in Sources */ = {isa = PBXBuildFile; fileRef = CBDA5B6413DBF47E00FAE221 /* Comment.m */; };
/* End PBXBuildFile section */

/* Begin PBXFileReference section */
		CBDA5AEE13DBEC1300FAE221 /* PushBox.app */ = {isa = PBXFileReference; explicitFileType = wrapper.application; includeInIndex = 0; path = PushBox.app; sourceTree = BUILT_PRODUCTS_DIR; };
		CBDA5AF213DBEC1300FAE221 /* UIKit.framework */ = {isa = PBXFileReference; lastKnownFileType = wrapper.framework; name = UIKit.framework; path = System/Library/Frameworks/UIKit.framework; sourceTree = SDKROOT; };
		CBDA5AF413DBEC1300FAE221 /* Foundation.framework */ = {isa = PBXFileReference; lastKnownFileType = wrapper.framework; name = Foundation.framework; path = System/Library/Frameworks/Foundation.framework; sourceTree = SDKROOT; };
		CBDA5AF613DBEC1300FAE221 /* CoreGraphics.framework */ = {isa = PBXFileReference; lastKnownFileType = wrapper.framework; name = CoreGraphics.framework; path = System/Library/Frameworks/CoreGraphics.framework; sourceTree = SDKROOT; };
		CBDA5AF813DBEC1300FAE221 /* CoreData.framework */ = {isa = PBXFileReference; lastKnownFileType = wrapper.framework; name = CoreData.framework; path = System/Library/Frameworks/CoreData.framework; sourceTree = SDKROOT; };
		CBDA5AFC13DBEC1300FAE221 /* PushBox-Info.plist */ = {isa = PBXFileReference; lastKnownFileType = text.plist.xml; path = "PushBox-Info.plist"; sourceTree = "<group>"; };
		CBDA5AFE13DBEC1300FAE221 /* en */ = {isa = PBXFileReference; lastKnownFileType = text.plist.strings; name = en; path = en.lproj/InfoPlist.strings; sourceTree = "<group>"; };
		CBDA5B0013DBEC1300FAE221 /* main.m */ = {isa = PBXFileReference; lastKnownFileType = sourcecode.c.objc; path = main.m; sourceTree = "<group>"; };
		CBDA5B0213DBEC1300FAE221 /* PushBox-Prefix.pch */ = {isa = PBXFileReference; lastKnownFileType = sourcecode.c.h; path = "PushBox-Prefix.pch"; sourceTree = "<group>"; };
		CBDA5B0313DBEC1300FAE221 /* PushBoxAppDelegate.h */ = {isa = PBXFileReference; lastKnownFileType = sourcecode.c.h; path = PushBoxAppDelegate.h; sourceTree = "<group>"; };
		CBDA5B0413DBEC1300FAE221 /* PushBoxAppDelegate.m */ = {isa = PBXFileReference; lastKnownFileType = sourcecode.c.objc; path = PushBoxAppDelegate.m; sourceTree = "<group>"; };
		CBDA5B0713DBEC1300FAE221 /* en */ = {isa = PBXFileReference; lastKnownFileType = file.xib; name = en; path = en.lproj/MainWindow.xib; sourceTree = "<group>"; };
		CBDA5B0A13DBEC1300FAE221 /* PushBox.xcdatamodel */ = {isa = PBXFileReference; lastKnownFileType = wrapper.xcdatamodel; path = PushBox.xcdatamodel; sourceTree = "<group>"; };
		CBDA5B1113DBEC2500FAE221 /* MobileCoreServices.framework */ = {isa = PBXFileReference; lastKnownFileType = wrapper.framework; name = MobileCoreServices.framework; path = System/Library/Frameworks/MobileCoreServices.framework; sourceTree = SDKROOT; };
		CBDA5B1313DBEC2B00FAE221 /* SystemConfiguration.framework */ = {isa = PBXFileReference; lastKnownFileType = wrapper.framework; name = SystemConfiguration.framework; path = System/Library/Frameworks/SystemConfiguration.framework; sourceTree = SDKROOT; };
		CBDA5B1513DBEC3A00FAE221 /* CFNetwork.framework */ = {isa = PBXFileReference; lastKnownFileType = wrapper.framework; name = CFNetwork.framework; path = System/Library/Frameworks/CFNetwork.framework; sourceTree = SDKROOT; };
		CBDA5B1913DBEC4D00FAE221 /* libz.1.2.3.dylib */ = {isa = PBXFileReference; lastKnownFileType = "compiled.mach-o.dylib"; name = libz.1.2.3.dylib; path = usr/lib/libz.1.2.3.dylib; sourceTree = SDKROOT; };
		CBDA5B1C13DBECBC00FAE221 /* ASIAuthenticationDialog.h */ = {isa = PBXFileReference; fileEncoding = 4; lastKnownFileType = sourcecode.c.h; path = ASIAuthenticationDialog.h; sourceTree = "<group>"; };
		CBDA5B1D13DBECBC00FAE221 /* ASIAuthenticationDialog.m */ = {isa = PBXFileReference; fileEncoding = 4; lastKnownFileType = sourcecode.c.objc; path = ASIAuthenticationDialog.m; sourceTree = "<group>"; };
		CBDA5B1E13DBECBC00FAE221 /* ASICacheDelegate.h */ = {isa = PBXFileReference; fileEncoding = 4; lastKnownFileType = sourcecode.c.h; path = ASICacheDelegate.h; sourceTree = "<group>"; };
		CBDA5B1F13DBECBC00FAE221 /* ASIDataCompressor.h */ = {isa = PBXFileReference; fileEncoding = 4; lastKnownFileType = sourcecode.c.h; path = ASIDataCompressor.h; sourceTree = "<group>"; };
		CBDA5B2013DBECBC00FAE221 /* ASIDataCompressor.m */ = {isa = PBXFileReference; fileEncoding = 4; lastKnownFileType = sourcecode.c.objc; path = ASIDataCompressor.m; sourceTree = "<group>"; };
		CBDA5B2113DBECBC00FAE221 /* ASIDataDecompressor.h */ = {isa = PBXFileReference; fileEncoding = 4; lastKnownFileType = sourcecode.c.h; path = ASIDataDecompressor.h; sourceTree = "<group>"; };
		CBDA5B2213DBECBC00FAE221 /* ASIDataDecompressor.m */ = {isa = PBXFileReference; fileEncoding = 4; lastKnownFileType = sourcecode.c.objc; path = ASIDataDecompressor.m; sourceTree = "<group>"; };
		CBDA5B2313DBECBC00FAE221 /* ASIDownloadCache.h */ = {isa = PBXFileReference; fileEncoding = 4; lastKnownFileType = sourcecode.c.h; path = ASIDownloadCache.h; sourceTree = "<group>"; };
		CBDA5B2413DBECBC00FAE221 /* ASIDownloadCache.m */ = {isa = PBXFileReference; fileEncoding = 4; lastKnownFileType = sourcecode.c.objc; path = ASIDownloadCache.m; sourceTree = "<group>"; };
		CBDA5B2513DBECBC00FAE221 /* ASIFormDataRequest.h */ = {isa = PBXFileReference; fileEncoding = 4; lastKnownFileType = sourcecode.c.h; path = ASIFormDataRequest.h; sourceTree = "<group>"; };
		CBDA5B2613DBECBC00FAE221 /* ASIFormDataRequest.m */ = {isa = PBXFileReference; fileEncoding = 4; lastKnownFileType = sourcecode.c.objc; path = ASIFormDataRequest.m; sourceTree = "<group>"; };
		CBDA5B2713DBECBC00FAE221 /* ASIHTTPRequest.h */ = {isa = PBXFileReference; fileEncoding = 4; lastKnownFileType = sourcecode.c.h; path = ASIHTTPRequest.h; sourceTree = "<group>"; };
		CBDA5B2813DBECBC00FAE221 /* ASIHTTPRequest.m */ = {isa = PBXFileReference; fileEncoding = 4; lastKnownFileType = sourcecode.c.objc; path = ASIHTTPRequest.m; sourceTree = "<group>"; };
		CBDA5B2913DBECBC00FAE221 /* ASIHTTPRequestConfig.h */ = {isa = PBXFileReference; fileEncoding = 4; lastKnownFileType = sourcecode.c.h; path = ASIHTTPRequestConfig.h; sourceTree = "<group>"; };
		CBDA5B2A13DBECBC00FAE221 /* ASIHTTPRequestDelegate.h */ = {isa = PBXFileReference; fileEncoding = 4; lastKnownFileType = sourcecode.c.h; path = ASIHTTPRequestDelegate.h; sourceTree = "<group>"; };
		CBDA5B2B13DBECBC00FAE221 /* ASIInputStream.h */ = {isa = PBXFileReference; fileEncoding = 4; lastKnownFileType = sourcecode.c.h; path = ASIInputStream.h; sourceTree = "<group>"; };
		CBDA5B2C13DBECBC00FAE221 /* ASIInputStream.m */ = {isa = PBXFileReference; fileEncoding = 4; lastKnownFileType = sourcecode.c.objc; path = ASIInputStream.m; sourceTree = "<group>"; };
		CBDA5B2D13DBECBC00FAE221 /* ASINetworkQueue.h */ = {isa = PBXFileReference; fileEncoding = 4; lastKnownFileType = sourcecode.c.h; path = ASINetworkQueue.h; sourceTree = "<group>"; };
		CBDA5B2E13DBECBC00FAE221 /* ASINetworkQueue.m */ = {isa = PBXFileReference; fileEncoding = 4; lastKnownFileType = sourcecode.c.objc; path = ASINetworkQueue.m; sourceTree = "<group>"; };
		CBDA5B2F13DBECBC00FAE221 /* ASIProgressDelegate.h */ = {isa = PBXFileReference; fileEncoding = 4; lastKnownFileType = sourcecode.c.h; path = ASIProgressDelegate.h; sourceTree = "<group>"; };
		CBDA5B3013DBECBC00FAE221 /* Reachability.h */ = {isa = PBXFileReference; fileEncoding = 4; lastKnownFileType = sourcecode.c.h; path = Reachability.h; sourceTree = "<group>"; };
		CBDA5B3113DBECBD00FAE221 /* Reachability.m */ = {isa = PBXFileReference; fileEncoding = 4; lastKnownFileType = sourcecode.c.objc; path = Reachability.m; sourceTree = "<group>"; };
		CBDA5B3313DBECBD00FAE221 /* JSON.h */ = {isa = PBXFileReference; fileEncoding = 4; lastKnownFileType = sourcecode.c.h; path = JSON.h; sourceTree = "<group>"; };
		CBDA5B3413DBECBD00FAE221 /* NSObject+SBJSON.h */ = {isa = PBXFileReference; fileEncoding = 4; lastKnownFileType = sourcecode.c.h; path = "NSObject+SBJSON.h"; sourceTree = "<group>"; };
		CBDA5B3513DBECBD00FAE221 /* NSObject+SBJSON.m */ = {isa = PBXFileReference; fileEncoding = 4; lastKnownFileType = sourcecode.c.objc; path = "NSObject+SBJSON.m"; sourceTree = "<group>"; };
		CBDA5B3613DBECBD00FAE221 /* NSString+SBJSON.h */ = {isa = PBXFileReference; fileEncoding = 4; lastKnownFileType = sourcecode.c.h; path = "NSString+SBJSON.h"; sourceTree = "<group>"; };
		CBDA5B3713DBECBD00FAE221 /* NSString+SBJSON.m */ = {isa = PBXFileReference; fileEncoding = 4; lastKnownFileType = sourcecode.c.objc; path = "NSString+SBJSON.m"; sourceTree = "<group>"; };
		CBDA5B3813DBECBD00FAE221 /* SBJsonBase.h */ = {isa = PBXFileReference; fileEncoding = 4; lastKnownFileType = sourcecode.c.h; path = SBJsonBase.h; sourceTree = "<group>"; };
		CBDA5B3913DBECBD00FAE221 /* SBJsonBase.m */ = {isa = PBXFileReference; fileEncoding = 4; lastKnownFileType = sourcecode.c.objc; path = SBJsonBase.m; sourceTree = "<group>"; };
		CBDA5B3A13DBECBD00FAE221 /* SBJsonParser.h */ = {isa = PBXFileReference; fileEncoding = 4; lastKnownFileType = sourcecode.c.h; path = SBJsonParser.h; sourceTree = "<group>"; };
		CBDA5B3B13DBECBD00FAE221 /* SBJsonParser.m */ = {isa = PBXFileReference; fileEncoding = 4; lastKnownFileType = sourcecode.c.objc; path = SBJsonParser.m; sourceTree = "<group>"; };
		CBDA5B3C13DBECBD00FAE221 /* SBJsonWriter.h */ = {isa = PBXFileReference; fileEncoding = 4; lastKnownFileType = sourcecode.c.h; path = SBJsonWriter.h; sourceTree = "<group>"; };
		CBDA5B3D13DBECBD00FAE221 /* SBJsonWriter.m */ = {isa = PBXFileReference; fileEncoding = 4; lastKnownFileType = sourcecode.c.objc; path = SBJsonWriter.m; sourceTree = "<group>"; };
		CBDA5B4E13DBECEE00FAE221 /* Base64Transcoder.c */ = {isa = PBXFileReference; fileEncoding = 4; lastKnownFileType = sourcecode.c.c; path = Base64Transcoder.c; sourceTree = "<group>"; };
		CBDA5B4F13DBECEE00FAE221 /* Base64Transcoder.h */ = {isa = PBXFileReference; fileEncoding = 4; lastKnownFileType = sourcecode.c.h; path = Base64Transcoder.h; sourceTree = "<group>"; };
		CBDA5B5013DBECEE00FAE221 /* NSString+URLEncoding.h */ = {isa = PBXFileReference; fileEncoding = 4; lastKnownFileType = sourcecode.c.h; path = "NSString+URLEncoding.h"; sourceTree = "<group>"; };
		CBDA5B5113DBECEE00FAE221 /* NSString+URLEncoding.m */ = {isa = PBXFileReference; fileEncoding = 4; lastKnownFileType = sourcecode.c.objc; path = "NSString+URLEncoding.m"; sourceTree = "<group>"; };
		CBDA5B5213DBECEE00FAE221 /* OAuthHTTPRequest.h */ = {isa = PBXFileReference; fileEncoding = 4; lastKnownFileType = sourcecode.c.h; path = OAuthHTTPRequest.h; sourceTree = "<group>"; };
		CBDA5B5313DBECEE00FAE221 /* OAuthHTTPRequest.m */ = {isa = PBXFileReference; fileEncoding = 4; lastKnownFileType = sourcecode.c.objc; path = OAuthHTTPRequest.m; sourceTree = "<group>"; };
		CBDA5B5413DBECEE00FAE221 /* WeiboClient.h */ = {isa = PBXFileReference; fileEncoding = 4; lastKnownFileType = sourcecode.c.h; path = WeiboClient.h; sourceTree = "<group>"; };
		CBDA5B5513DBECEE00FAE221 /* WeiboClient.m */ = {isa = PBXFileReference; fileEncoding = 4; lastKnownFileType = sourcecode.c.objc; path = WeiboClient.m; sourceTree = "<group>"; };
		CBDA5B5D13DBF47D00FAE221 /* Status.h */ = {isa = PBXFileReference; fileEncoding = 4; lastKnownFileType = sourcecode.c.h; path = Status.h; sourceTree = "<group>"; };
		CBDA5B5E13DBF47D00FAE221 /* Status.m */ = {isa = PBXFileReference; fileEncoding = 4; lastKnownFileType = sourcecode.c.objc; path = Status.m; sourceTree = "<group>"; };
		CBDA5B6013DBF47E00FAE221 /* User.h */ = {isa = PBXFileReference; fileEncoding = 4; lastKnownFileType = sourcecode.c.h; path = User.h; sourceTree = "<group>"; };
		CBDA5B6113DBF47E00FAE221 /* User.m */ = {isa = PBXFileReference; fileEncoding = 4; lastKnownFileType = sourcecode.c.objc; path = User.m; sourceTree = "<group>"; };
		CBDA5B6313DBF47E00FAE221 /* Comment.h */ = {isa = PBXFileReference; fileEncoding = 4; lastKnownFileType = sourcecode.c.h; path = Comment.h; sourceTree = "<group>"; };
		CBDA5B6413DBF47E00FAE221 /* Comment.m */ = {isa = PBXFileReference; fileEncoding = 4; lastKnownFileType = sourcecode.c.objc; path = Comment.m; sourceTree = "<group>"; };
/* End PBXFileReference section */

/* Begin PBXFrameworksBuildPhase section */
		CBDA5AEB13DBEC1300FAE221 /* Frameworks */ = {
			isa = PBXFrameworksBuildPhase;
			buildActionMask = 2147483647;
			files = (
				CBDA5B1A13DBEC4D00FAE221 /* libz.1.2.3.dylib in Frameworks */,
				CBDA5B1613DBEC3A00FAE221 /* CFNetwork.framework in Frameworks */,
				CBDA5B1413DBEC2B00FAE221 /* SystemConfiguration.framework in Frameworks */,
				CBDA5B1213DBEC2500FAE221 /* MobileCoreServices.framework in Frameworks */,
				CBDA5AF313DBEC1300FAE221 /* UIKit.framework in Frameworks */,
				CBDA5AF513DBEC1300FAE221 /* Foundation.framework in Frameworks */,
				CBDA5AF713DBEC1300FAE221 /* CoreGraphics.framework in Frameworks */,
				CBDA5AF913DBEC1300FAE221 /* CoreData.framework in Frameworks */,
			);
			runOnlyForDeploymentPostprocessing = 0;
		};
/* End PBXFrameworksBuildPhase section */

/* Begin PBXGroup section */
		CBDA5AE313DBEC1300FAE221 = {
			isa = PBXGroup;
			children = (
				CBDA5AFA13DBEC1300FAE221 /* PushBox */,
				CBDA5AF113DBEC1300FAE221 /* Frameworks */,
				CBDA5AEF13DBEC1300FAE221 /* Products */,
			);
			sourceTree = "<group>";
		};
		CBDA5AEF13DBEC1300FAE221 /* Products */ = {
			isa = PBXGroup;
			children = (
				CBDA5AEE13DBEC1300FAE221 /* PushBox.app */,
			);
			name = Products;
			sourceTree = "<group>";
		};
		CBDA5AF113DBEC1300FAE221 /* Frameworks */ = {
			isa = PBXGroup;
			children = (
				CBDA5B1913DBEC4D00FAE221 /* libz.1.2.3.dylib */,
				CBDA5B1513DBEC3A00FAE221 /* CFNetwork.framework */,
				CBDA5B1313DBEC2B00FAE221 /* SystemConfiguration.framework */,
				CBDA5B1113DBEC2500FAE221 /* MobileCoreServices.framework */,
				CBDA5AF213DBEC1300FAE221 /* UIKit.framework */,
				CBDA5AF413DBEC1300FAE221 /* Foundation.framework */,
				CBDA5AF613DBEC1300FAE221 /* CoreGraphics.framework */,
				CBDA5AF813DBEC1300FAE221 /* CoreData.framework */,
			);
			name = Frameworks;
			sourceTree = "<group>";
		};
		CBDA5AFA13DBEC1300FAE221 /* PushBox */ = {
			isa = PBXGroup;
			children = (
				CBDA5B1B13DBECBC00FAE221 /* ASIHTTPRequest */,
				CBDA5B3213DBECBD00FAE221 /* JSON */,
				CBDA5B5B13DBECFF00FAE221 /* WeiboClient */,
				CBDA5B6613DBF48D00FAE221 /* Core Data Models */,
				CBDA5B5C13DBED1600FAE221 /* Nibs */,
				CBDA5B0313DBEC1300FAE221 /* PushBoxAppDelegate.h */,
				CBDA5B0413DBEC1300FAE221 /* PushBoxAppDelegate.m */,
				CBDA5AFB13DBEC1300FAE221 /* Supporting Files */,
			);
			path = PushBox;
			sourceTree = "<group>";
		};
		CBDA5AFB13DBEC1300FAE221 /* Supporting Files */ = {
			isa = PBXGroup;
			children = (
				CBDA5B0913DBEC1300FAE221 /* PushBox.xcdatamodeld */,
				CBDA5AFC13DBEC1300FAE221 /* PushBox-Info.plist */,
				CBDA5AFD13DBEC1300FAE221 /* InfoPlist.strings */,
				CBDA5B0013DBEC1300FAE221 /* main.m */,
				CBDA5B0213DBEC1300FAE221 /* PushBox-Prefix.pch */,
			);
			name = "Supporting Files";
			sourceTree = "<group>";
		};
		CBDA5B1B13DBECBC00FAE221 /* ASIHTTPRequest */ = {
			isa = PBXGroup;
			children = (
				CBDA5B1C13DBECBC00FAE221 /* ASIAuthenticationDialog.h */,
				CBDA5B1D13DBECBC00FAE221 /* ASIAuthenticationDialog.m */,
				CBDA5B1E13DBECBC00FAE221 /* ASICacheDelegate.h */,
				CBDA5B1F13DBECBC00FAE221 /* ASIDataCompressor.h */,
				CBDA5B2013DBECBC00FAE221 /* ASIDataCompressor.m */,
				CBDA5B2113DBECBC00FAE221 /* ASIDataDecompressor.h */,
				CBDA5B2213DBECBC00FAE221 /* ASIDataDecompressor.m */,
				CBDA5B2313DBECBC00FAE221 /* ASIDownloadCache.h */,
				CBDA5B2413DBECBC00FAE221 /* ASIDownloadCache.m */,
				CBDA5B2513DBECBC00FAE221 /* ASIFormDataRequest.h */,
				CBDA5B2613DBECBC00FAE221 /* ASIFormDataRequest.m */,
				CBDA5B2713DBECBC00FAE221 /* ASIHTTPRequest.h */,
				CBDA5B2813DBECBC00FAE221 /* ASIHTTPRequest.m */,
				CBDA5B2913DBECBC00FAE221 /* ASIHTTPRequestConfig.h */,
				CBDA5B2A13DBECBC00FAE221 /* ASIHTTPRequestDelegate.h */,
				CBDA5B2B13DBECBC00FAE221 /* ASIInputStream.h */,
				CBDA5B2C13DBECBC00FAE221 /* ASIInputStream.m */,
				CBDA5B2D13DBECBC00FAE221 /* ASINetworkQueue.h */,
				CBDA5B2E13DBECBC00FAE221 /* ASINetworkQueue.m */,
				CBDA5B2F13DBECBC00FAE221 /* ASIProgressDelegate.h */,
				CBDA5B3013DBECBC00FAE221 /* Reachability.h */,
				CBDA5B3113DBECBD00FAE221 /* Reachability.m */,
			);
			path = ASIHTTPRequest;
			sourceTree = "<group>";
		};
		CBDA5B3213DBECBD00FAE221 /* JSON */ = {
			isa = PBXGroup;
			children = (
				CBDA5B3313DBECBD00FAE221 /* JSON.h */,
				CBDA5B3413DBECBD00FAE221 /* NSObject+SBJSON.h */,
				CBDA5B3513DBECBD00FAE221 /* NSObject+SBJSON.m */,
				CBDA5B3613DBECBD00FAE221 /* NSString+SBJSON.h */,
				CBDA5B3713DBECBD00FAE221 /* NSString+SBJSON.m */,
				CBDA5B3813DBECBD00FAE221 /* SBJsonBase.h */,
				CBDA5B3913DBECBD00FAE221 /* SBJsonBase.m */,
				CBDA5B3A13DBECBD00FAE221 /* SBJsonParser.h */,
				CBDA5B3B13DBECBD00FAE221 /* SBJsonParser.m */,
				CBDA5B3C13DBECBD00FAE221 /* SBJsonWriter.h */,
				CBDA5B3D13DBECBD00FAE221 /* SBJsonWriter.m */,
			);
			path = JSON;
			sourceTree = "<group>";
		};
		CBDA5B5B13DBECFF00FAE221 /* WeiboClient */ = {
			isa = PBXGroup;
			children = (
				CBDA5B4E13DBECEE00FAE221 /* Base64Transcoder.c */,
				CBDA5B4F13DBECEE00FAE221 /* Base64Transcoder.h */,
				CBDA5B5013DBECEE00FAE221 /* NSString+URLEncoding.h */,
				CBDA5B5113DBECEE00FAE221 /* NSString+URLEncoding.m */,
				CBDA5B5213DBECEE00FAE221 /* OAuthHTTPRequest.h */,
				CBDA5B5313DBECEE00FAE221 /* OAuthHTTPRequest.m */,
				CBDA5B5413DBECEE00FAE221 /* WeiboClient.h */,
				CBDA5B5513DBECEE00FAE221 /* WeiboClient.m */,
			);
			name = WeiboClient;
			sourceTree = "<group>";
		};
		CBDA5B5C13DBED1600FAE221 /* Nibs */ = {
			isa = PBXGroup;
			children = (
				CBDA5B0613DBEC1300FAE221 /* MainWindow.xib */,
			);
			name = Nibs;
			sourceTree = "<group>";
		};
		CBDA5B6613DBF48D00FAE221 /* Core Data Models */ = {
			isa = PBXGroup;
			children = (
				CBDA5B6313DBF47E00FAE221 /* Comment.h */,
				CBDA5B6413DBF47E00FAE221 /* Comment.m */,
				CBDA5B6013DBF47E00FAE221 /* User.h */,
				CBDA5B6113DBF47E00FAE221 /* User.m */,
				CBDA5B5D13DBF47D00FAE221 /* Status.h */,
				CBDA5B5E13DBF47D00FAE221 /* Status.m */,
			);
			name = "Core Data Models";
			sourceTree = "<group>";
		};
/* End PBXGroup section */

/* Begin PBXNativeTarget section */
		CBDA5AED13DBEC1300FAE221 /* PushBox */ = {
			isa = PBXNativeTarget;
			buildConfigurationList = CBDA5B0E13DBEC1300FAE221 /* Build configuration list for PBXNativeTarget "PushBox" */;
			buildPhases = (
				CBDA5AEA13DBEC1300FAE221 /* Sources */,
				CBDA5AEB13DBEC1300FAE221 /* Frameworks */,
				CBDA5AEC13DBEC1300FAE221 /* Resources */,
			);
			buildRules = (
			);
			dependencies = (
			);
			name = PushBox;
			productName = PushBox;
			productReference = CBDA5AEE13DBEC1300FAE221 /* PushBox.app */;
			productType = "com.apple.product-type.application";
		};
/* End PBXNativeTarget section */

/* Begin PBXProject section */
		CBDA5AE513DBEC1300FAE221 /* Project object */ = {
			isa = PBXProject;
			attributes = {
				ORGANIZATIONNAME = "同济大学";
			};
			buildConfigurationList = CBDA5AE813DBEC1300FAE221 /* Build configuration list for PBXProject "PushBox" */;
			compatibilityVersion = "Xcode 3.2";
			developmentRegion = English;
			hasScannedForEncodings = 0;
			knownRegions = (
				en,
			);
			mainGroup = CBDA5AE313DBEC1300FAE221;
			productRefGroup = CBDA5AEF13DBEC1300FAE221 /* Products */;
			projectDirPath = "";
			projectRoot = "";
			targets = (
				CBDA5AED13DBEC1300FAE221 /* PushBox */,
			);
		};
/* End PBXProject section */

/* Begin PBXResourcesBuildPhase section */
		CBDA5AEC13DBEC1300FAE221 /* Resources */ = {
			isa = PBXResourcesBuildPhase;
			buildActionMask = 2147483647;
			files = (
				CBDA5AFF13DBEC1300FAE221 /* InfoPlist.strings in Resources */,
				CBDA5B0813DBEC1300FAE221 /* MainWindow.xib in Resources */,
			);
			runOnlyForDeploymentPostprocessing = 0;
		};
/* End PBXResourcesBuildPhase section */

/* Begin PBXSourcesBuildPhase section */
		CBDA5AEA13DBEC1300FAE221 /* Sources */ = {
			isa = PBXSourcesBuildPhase;
			buildActionMask = 2147483647;
			files = (
				CBDA5B0113DBEC1300FAE221 /* main.m in Sources */,
				CBDA5B0513DBEC1300FAE221 /* PushBoxAppDelegate.m in Sources */,
				CBDA5B0B13DBEC1300FAE221 /* PushBox.xcdatamodeld in Sources */,
				CBDA5B3E13DBECBD00FAE221 /* ASIAuthenticationDialog.m in Sources */,
				CBDA5B3F13DBECBD00FAE221 /* ASIDataCompressor.m in Sources */,
				CBDA5B4013DBECBD00FAE221 /* ASIDataDecompressor.m in Sources */,
				CBDA5B4113DBECBD00FAE221 /* ASIDownloadCache.m in Sources */,
				CBDA5B4213DBECBD00FAE221 /* ASIFormDataRequest.m in Sources */,
				CBDA5B4313DBECBD00FAE221 /* ASIHTTPRequest.m in Sources */,
				CBDA5B4413DBECBD00FAE221 /* ASIInputStream.m in Sources */,
				CBDA5B4513DBECBD00FAE221 /* ASINetworkQueue.m in Sources */,
				CBDA5B4613DBECBD00FAE221 /* Reachability.m in Sources */,
				CBDA5B4713DBECBD00FAE221 /* NSObject+SBJSON.m in Sources */,
				CBDA5B4813DBECBD00FAE221 /* NSString+SBJSON.m in Sources */,
				CBDA5B4913DBECBD00FAE221 /* SBJsonBase.m in Sources */,
				CBDA5B4A13DBECBD00FAE221 /* SBJsonParser.m in Sources */,
				CBDA5B4B13DBECBD00FAE221 /* SBJsonWriter.m in Sources */,
				CBDA5B5713DBECEE00FAE221 /* Base64Transcoder.c in Sources */,
				CBDA5B5813DBECEE00FAE221 /* NSString+URLEncoding.m in Sources */,
				CBDA5B5913DBECEE00FAE221 /* OAuthHTTPRequest.m in Sources */,
				CBDA5B5A13DBECEE00FAE221 /* WeiboClient.m in Sources */,
				CBDA5B5F13DBF47D00FAE221 /* Status.m in Sources */,
				CBDA5B6213DBF47E00FAE221 /* User.m in Sources */,
				CBDA5B6513DBF47E00FAE221 /* Comment.m in Sources */,
			);
			runOnlyForDeploymentPostprocessing = 0;
		};
/* End PBXSourcesBuildPhase section */

/* Begin PBXVariantGroup section */
		CBDA5AFD13DBEC1300FAE221 /* InfoPlist.strings */ = {
			isa = PBXVariantGroup;
			children = (
				CBDA5AFE13DBEC1300FAE221 /* en */,
			);
			name = InfoPlist.strings;
			sourceTree = "<group>";
		};
		CBDA5B0613DBEC1300FAE221 /* MainWindow.xib */ = {
			isa = PBXVariantGroup;
			children = (
				CBDA5B0713DBEC1300FAE221 /* en */,
			);
			name = MainWindow.xib;
			sourceTree = "<group>";
		};
/* End PBXVariantGroup section */

/* Begin XCBuildConfiguration section */
		CBDA5B0C13DBEC1300FAE221 /* Debug */ = {
			isa = XCBuildConfiguration;
			buildSettings = {
				ALWAYS_SEARCH_USER_PATHS = NO;
				ARCHS = "$(ARCHS_UNIVERSAL_IPHONE_OS)";
				"CODE_SIGN_IDENTITY[sdk=iphoneos*]" = "iPhone Developer";
				COPY_PHASE_STRIP = NO;
				GCC_C_LANGUAGE_STANDARD = gnu99;
				GCC_DYNAMIC_NO_PIC = NO;
				GCC_OPTIMIZATION_LEVEL = 0;
				GCC_PREPROCESSOR_DEFINITIONS = (
					"DEBUG=1",
					"$(inherited)",
				);
				GCC_SYMBOLS_PRIVATE_EXTERN = NO;
				GCC_VERSION = com.apple.compilers.llvmgcc42;
				GCC_WARN_ABOUT_MISSING_PROTOTYPES = YES;
				GCC_WARN_ABOUT_RETURN_TYPE = YES;
				GCC_WARN_UNUSED_VARIABLE = YES;
				IPHONEOS_DEPLOYMENT_TARGET = 4.3;
				SDKROOT = iphoneos;
				TARGETED_DEVICE_FAMILY = 2;
			};
			name = Debug;
		};
		CBDA5B0D13DBEC1300FAE221 /* Release */ = {
			isa = XCBuildConfiguration;
			buildSettings = {
				ALWAYS_SEARCH_USER_PATHS = NO;
				ARCHS = "$(ARCHS_UNIVERSAL_IPHONE_OS)";
				"CODE_SIGN_IDENTITY[sdk=iphoneos*]" = "iPhone Developer";
				COPY_PHASE_STRIP = YES;
				GCC_C_LANGUAGE_STANDARD = gnu99;
				GCC_VERSION = com.apple.compilers.llvmgcc42;
				GCC_WARN_ABOUT_MISSING_PROTOTYPES = YES;
				GCC_WARN_ABOUT_RETURN_TYPE = YES;
				GCC_WARN_UNUSED_VARIABLE = YES;
				IPHONEOS_DEPLOYMENT_TARGET = 4.3;
				OTHER_CFLAGS = "-DNS_BLOCK_ASSERTIONS=1";
				SDKROOT = iphoneos;
				TARGETED_DEVICE_FAMILY = 2;
				VALIDATE_PRODUCT = YES;
			};
			name = Release;
		};
		CBDA5B0F13DBEC1300FAE221 /* Debug */ = {
			isa = XCBuildConfiguration;
			buildSettings = {
				GCC_PRECOMPILE_PREFIX_HEADER = YES;
				GCC_PREFIX_HEADER = "PushBox/PushBox-Prefix.pch";
				INFOPLIST_FILE = "PushBox/PushBox-Info.plist";
				PRODUCT_NAME = "$(TARGET_NAME)";
				WRAPPER_EXTENSION = app;
			};
			name = Debug;
		};
		CBDA5B1013DBEC1300FAE221 /* Release */ = {
			isa = XCBuildConfiguration;
			buildSettings = {
				GCC_PRECOMPILE_PREFIX_HEADER = YES;
				GCC_PREFIX_HEADER = "PushBox/PushBox-Prefix.pch";
				INFOPLIST_FILE = "PushBox/PushBox-Info.plist";
				PRODUCT_NAME = "$(TARGET_NAME)";
				WRAPPER_EXTENSION = app;
			};
			name = Release;
		};
/* End XCBuildConfiguration section */

/* Begin XCConfigurationList section */
		CBDA5AE813DBEC1300FAE221 /* Build configuration list for PBXProject "PushBox" */ = {
			isa = XCConfigurationList;
			buildConfigurations = (
				CBDA5B0C13DBEC1300FAE221 /* Debug */,
				CBDA5B0D13DBEC1300FAE221 /* Release */,
			);
			defaultConfigurationIsVisible = 0;
			defaultConfigurationName = Release;
		};
		CBDA5B0E13DBEC1300FAE221 /* Build configuration list for PBXNativeTarget "PushBox" */ = {
			isa = XCConfigurationList;
			buildConfigurations = (
				CBDA5B0F13DBEC1300FAE221 /* Debug */,
				CBDA5B1013DBEC1300FAE221 /* Release */,
			);
			defaultConfigurationIsVisible = 0;
		};
/* End XCConfigurationList section */

/* Begin XCVersionGroup section */
		CBDA5B0913DBEC1300FAE221 /* PushBox.xcdatamodeld */ = {
			isa = XCVersionGroup;
			children = (
				CBDA5B0A13DBEC1300FAE221 /* PushBox.xcdatamodel */,
			);
			currentVersion = CBDA5B0A13DBEC1300FAE221 /* PushBox.xcdatamodel */;
			path = PushBox.xcdatamodeld;
			sourceTree = "<group>";
			versionGroupType = wrapper.xcdatamodel;
		};
/* End XCVersionGroup section */
	};
	rootObject = CBDA5AE513DBEC1300FAE221 /* Project object */;
}
