// !$*UTF8*$!
{
	archiveVersion = 1;
	classes = {
	};
	objectVersion = 46;
	objects = {

/* Begin PBXBuildFile section */
		CBDA5AF313DBEC1300FAE221 /* UIKit.framework in Frameworks */ = {isa = PBXBuildFile; fileRef = CBDA5AF213DBEC1300FAE221 /* UIKit.framework */; };
		CBDA5AF513DBEC1300FAE221 /* Foundation.framework in Frameworks */ = {isa = PBXBuildFile; fileRef = CBDA5AF413DBEC1300FAE221 /* Foundation.framework */; };
		CBDA5AF713DBEC1300FAE221 /* CoreGraphics.framework in Frameworks */ = {isa = PBXBuildFile; fileRef = CBDA5AF613DBEC1300FAE221 /* CoreGraphics.framework */; };
		CBDA5AF913DBEC1300FAE221 /* CoreData.framework in Frameworks */ = {isa = PBXBuildFile; fileRef = CBDA5AF813DBEC1300FAE221 /* CoreData.framework */; };
		CBDA5AFF13DBEC1300FAE221 /* InfoPlist.strings in Resources */ = {isa = PBXBuildFile; fileRef = CBDA5AFD13DBEC1300FAE221 /* InfoPlist.strings */; };
		CBDA5B0113DBEC1300FAE221 /* main.m in Sources */ = {isa = PBXBuildFile; fileRef = CBDA5B0013DBEC1300FAE221 /* main.m */; };
		CBDA5B0513DBEC1300FAE221 /* PushBoxAppDelegate.m in Sources */ = {isa = PBXBuildFile; fileRef = CBDA5B0413DBEC1300FAE221 /* PushBoxAppDelegate.m */; };
		CBDA5B0813DBEC1300FAE221 /* MainWindow.xib in Resources */ = {isa = PBXBuildFile; fileRef = CBDA5B0613DBEC1300FAE221 /* MainWindow.xib */; };
		CBDA5B0B13DBEC1300FAE221 /* PushBox.xcdatamodeld in Sources */ = {isa = PBXBuildFile; fileRef = CBDA5B0913DBEC1300FAE221 /* PushBox.xcdatamodeld */; };
/* End PBXBuildFile section */

/* Begin PBXFileReference section */
		CBDA5AEE13DBEC1300FAE221 /* PushBox.app */ = {isa = PBXFileReference; explicitFileType = wrapper.application; includeInIndex = 0; path = PushBox.app; sourceTree = BUILT_PRODUCTS_DIR; };
		CBDA5AF213DBEC1300FAE221 /* UIKit.framework */ = {isa = PBXFileReference; lastKnownFileType = wrapper.framework; name = UIKit.framework; path = System/Library/Frameworks/UIKit.framework; sourceTree = SDKROOT; };
		CBDA5AF413DBEC1300FAE221 /* Foundation.framework */ = {isa = PBXFileReference; lastKnownFileType = wrapper.framework; name = Foundation.framework; path = System/Library/Frameworks/Foundation.framework; sourceTree = SDKROOT; };
		CBDA5AF613DBEC1300FAE221 /* CoreGraphics.framework */ = {isa = PBXFileReference; lastKnownFileType = wrapper.framework; name = CoreGraphics.framework; path = System/Library/Frameworks/CoreGraphics.framework; sourceTree = SDKROOT; };
		CBDA5AF813DBEC1300FAE221 /* CoreData.framework */ = {isa = PBXFileReference; lastKnownFileType = wrapper.framework; name = CoreData.framework; path = System/Library/Frameworks/CoreData.framework; sourceTree = SDKROOT; };
		CBDA5AFC13DBEC1300FAE221 /* PushBox-Info.plist */ = {isa = PBXFileReference; path = "PushBox-Info.plist"; sourceTree = "<group>"; };
		CBDA5AFE13DBEC1300FAE221 /* en */ = {isa = PBXFileReference; lastKnownFileType = text.plist.strings; name = en; path = en.lproj/InfoPlist.strings; sourceTree = "<group>"; };
		CBDA5B0013DBEC1300FAE221 /* main.m */ = {isa = PBXFileReference; lastKnownFileType = sourcecode.c.objc; path = main.m; sourceTree = "<group>"; };
		CBDA5B0213DBEC1300FAE221 /* PushBox-Prefix.pch */ = {isa = PBXFileReference; path = "PushBox-Prefix.pch"; sourceTree = "<group>"; };
		CBDA5B0313DBEC1300FAE221 /* PushBoxAppDelegate.h */ = {isa = PBXFileReference; path = PushBoxAppDelegate.h; sourceTree = "<group>"; };
		CBDA5B0413DBEC1300FAE221 /* PushBoxAppDelegate.m */ = {isa = PBXFileReference; lastKnownFileType = sourcecode.c.objc; path = PushBoxAppDelegate.m; sourceTree = "<group>"; };
		CBDA5B0713DBEC1300FAE221 /* en */ = {isa = PBXFileReference; lastKnownFileType = file.xib; name = en; path = en.lproj/MainWindow.xib; sourceTree = "<group>"; };
		CBDA5B0A13DBEC1300FAE221 /* PushBox.xcdatamodel */ = {isa = PBXFileReference; lastKnownFileType = wrapper.xcdatamodel; path = PushBox.xcdatamodel; sourceTree = "<group>"; };
/* End PBXFileReference section */

/* Begin PBXFrameworksBuildPhase section */
		CBDA5AEB13DBEC1300FAE221 /* Frameworks */ = {
			isa = PBXFrameworksBuildPhase;
			buildActionMask = 2147483647;
			files = (
				CBDA5AF313DBEC1300FAE221 /* UIKit.framework in Frameworks */,
				CBDA5AF513DBEC1300FAE221 /* Foundation.framework in Frameworks */,
				CBDA5AF713DBEC1300FAE221 /* CoreGraphics.framework in Frameworks */,
				CBDA5AF913DBEC1300FAE221 /* CoreData.framework in Frameworks */,
			);
			runOnlyForDeploymentPostprocessing = 0;
		};
/* End PBXFrameworksBuildPhase section */

/* Begin PBXGroup section */
		CBDA5AE313DBEC1300FAE221 = {
			isa = PBXGroup;
			children = (
				CBDA5AFA13DBEC1300FAE221 /* PushBox */,
				CBDA5AF113DBEC1300FAE221 /* Frameworks */,
				CBDA5AEF13DBEC1300FAE221 /* Products */,
			);
			sourceTree = "<group>";
		};
		CBDA5AEF13DBEC1300FAE221 /* Products */ = {
			isa = PBXGroup;
			children = (
				CBDA5AEE13DBEC1300FAE221 /* PushBox.app */,
			);
			name = Products;
			sourceTree = "<group>";
		};
		CBDA5AF113DBEC1300FAE221 /* Frameworks */ = {
			isa = PBXGroup;
			children = (
				CBDA5AF213DBEC1300FAE221 /* UIKit.framework */,
				CBDA5AF413DBEC1300FAE221 /* Foundation.framework */,
				CBDA5AF613DBEC1300FAE221 /* CoreGraphics.framework */,
				CBDA5AF813DBEC1300FAE221 /* CoreData.framework */,
			);
			name = Frameworks;
			sourceTree = "<group>";
		};
		CBDA5AFA13DBEC1300FAE221 /* PushBox */ = {
			isa = PBXGroup;
			children = (
				CBDA5B0313DBEC1300FAE221 /* PushBoxAppDelegate.h */,
				CBDA5B0413DBEC1300FAE221 /* PushBoxAppDelegate.m */,
				CBDA5B0613DBEC1300FAE221 /* MainWindow.xib */,
				CBDA5B0913DBEC1300FAE221 /* PushBox.xcdatamodeld */,
				CBDA5AFB13DBEC1300FAE221 /* Supporting Files */,
			);
			path = PushBox;
			sourceTree = "<group>";
		};
		CBDA5AFB13DBEC1300FAE221 /* Supporting Files */ = {
			isa = PBXGroup;
			children = (
				CBDA5AFC13DBEC1300FAE221 /* PushBox-Info.plist */,
				CBDA5AFD13DBEC1300FAE221 /* InfoPlist.strings */,
				CBDA5B0013DBEC1300FAE221 /* main.m */,
				CBDA5B0213DBEC1300FAE221 /* PushBox-Prefix.pch */,
			);
			name = "Supporting Files";
			sourceTree = "<group>";
		};
/* End PBXGroup section */

/* Begin PBXNativeTarget section */
		CBDA5AED13DBEC1300FAE221 /* PushBox */ = {
			isa = PBXNativeTarget;
			buildConfigurationList = CBDA5B0E13DBEC1300FAE221 /* Build configuration list for PBXNativeTarget "PushBox" */;
			buildPhases = (
				CBDA5AEA13DBEC1300FAE221 /* Sources */,
				CBDA5AEB13DBEC1300FAE221 /* Frameworks */,
				CBDA5AEC13DBEC1300FAE221 /* Resources */,
			);
			buildRules = (
			);
			dependencies = (
			);
			name = PushBox;
			productName = PushBox;
			productReference = CBDA5AEE13DBEC1300FAE221 /* PushBox.app */;
			productType = "com.apple.product-type.application";
		};
/* End PBXNativeTarget section */

/* Begin PBXProject section */
		CBDA5AE513DBEC1300FAE221 /* Project object */ = {
			isa = PBXProject;
			attributes = {
				ORGANIZATIONNAME = "同济大学";
			};
			buildConfigurationList = CBDA5AE813DBEC1300FAE221 /* Build configuration list for PBXProject "PushBox" */;
			compatibilityVersion = "Xcode 3.2";
			developmentRegion = English;
			hasScannedForEncodings = 0;
			knownRegions = (
				en,
			);
			mainGroup = CBDA5AE313DBEC1300FAE221;
			productRefGroup = CBDA5AEF13DBEC1300FAE221 /* Products */;
			projectDirPath = "";
			projectRoot = "";
			targets = (
				CBDA5AED13DBEC1300FAE221 /* PushBox */,
			);
		};
/* End PBXProject section */

/* Begin PBXResourcesBuildPhase section */
		CBDA5AEC13DBEC1300FAE221 /* Resources */ = {
			isa = PBXResourcesBuildPhase;
			buildActionMask = 2147483647;
			files = (
				CBDA5AFF13DBEC1300FAE221 /* InfoPlist.strings in Resources */,
				CBDA5B0813DBEC1300FAE221 /* MainWindow.xib in Resources */,
			);
			runOnlyForDeploymentPostprocessing = 0;
		};
/* End PBXResourcesBuildPhase section */

/* Begin PBXSourcesBuildPhase section */
		CBDA5AEA13DBEC1300FAE221 /* Sources */ = {
			isa = PBXSourcesBuildPhase;
			buildActionMask = 2147483647;
			files = (
				CBDA5B0113DBEC1300FAE221 /* main.m in Sources */,
				CBDA5B0513DBEC1300FAE221 /* PushBoxAppDelegate.m in Sources */,
				CBDA5B0B13DBEC1300FAE221 /* PushBox.xcdatamodeld in Sources */,
			);
			runOnlyForDeploymentPostprocessing = 0;
		};
/* End PBXSourcesBuildPhase section */

/* Begin PBXVariantGroup section */
		CBDA5AFD13DBEC1300FAE221 /* InfoPlist.strings */ = {
			isa = PBXVariantGroup;
			children = (
				CBDA5AFE13DBEC1300FAE221 /* en */,
			);
			name = InfoPlist.strings;
			sourceTree = "<group>";
		};
		CBDA5B0613DBEC1300FAE221 /* MainWindow.xib */ = {
			isa = PBXVariantGroup;
			children = (
				CBDA5B0713DBEC1300FAE221 /* en */,
			);
			name = MainWindow.xib;
			sourceTree = "<group>";
		};
/* End PBXVariantGroup section */

/* Begin XCBuildConfiguration section */
		CBDA5B0C13DBEC1300FAE221 /* Debug */ = {
			isa = XCBuildConfiguration;
			buildSettings = {
				ALWAYS_SEARCH_USER_PATHS = NO;
				ARCHS = "$(ARCHS_UNIVERSAL_IPHONE_OS)";
				"CODE_SIGN_IDENTITY[sdk=iphoneos*]" = "iPhone Developer";
				COPY_PHASE_STRIP = NO;
				GCC_C_LANGUAGE_STANDARD = gnu99;
				GCC_DYNAMIC_NO_PIC = NO;
				GCC_OPTIMIZATION_LEVEL = 0;
				GCC_PREPROCESSOR_DEFINITIONS = (
					"DEBUG=1",
					"$(inherited)",
				);
				GCC_SYMBOLS_PRIVATE_EXTERN = NO;
				GCC_VERSION = com.apple.compilers.llvmgcc42;
				GCC_WARN_ABOUT_MISSING_PROTOTYPES = YES;
				GCC_WARN_ABOUT_RETURN_TYPE = YES;
				GCC_WARN_UNUSED_VARIABLE = YES;
				IPHONEOS_DEPLOYMENT_TARGET = 4.3;
				SDKROOT = iphoneos;
				TARGETED_DEVICE_FAMILY = 2;
			};
			name = Debug;
		};
		CBDA5B0D13DBEC1300FAE221 /* Release */ = {
			isa = XCBuildConfiguration;
			buildSettings = {
				ALWAYS_SEARCH_USER_PATHS = NO;
				ARCHS = "$(ARCHS_UNIVERSAL_IPHONE_OS)";
				"CODE_SIGN_IDENTITY[sdk=iphoneos*]" = "iPhone Developer";
				COPY_PHASE_STRIP = YES;
				GCC_C_LANGUAGE_STANDARD = gnu99;
				GCC_VERSION = com.apple.compilers.llvmgcc42;
				GCC_WARN_ABOUT_MISSING_PROTOTYPES = YES;
				GCC_WARN_ABOUT_RETURN_TYPE = YES;
				GCC_WARN_UNUSED_VARIABLE = YES;
				IPHONEOS_DEPLOYMENT_TARGET = 4.3;
				OTHER_CFLAGS = "-DNS_BLOCK_ASSERTIONS=1";
				SDKROOT = iphoneos;
				TARGETED_DEVICE_FAMILY = 2;
				VALIDATE_PRODUCT = YES;
			};
			name = Release;
		};
		CBDA5B0F13DBEC1300FAE221 /* Debug */ = {
			isa = XCBuildConfiguration;
			buildSettings = {
				GCC_PRECOMPILE_PREFIX_HEADER = YES;
				GCC_PREFIX_HEADER = "PushBox/PushBox-Prefix.pch";
				INFOPLIST_FILE = "PushBox/PushBox-Info.plist";
				PRODUCT_NAME = "$(TARGET_NAME)";
				WRAPPER_EXTENSION = app;
			};
			name = Debug;
		};
		CBDA5B1013DBEC1300FAE221 /* Release */ = {
			isa = XCBuildConfiguration;
			buildSettings = {
				GCC_PRECOMPILE_PREFIX_HEADER = YES;
				GCC_PREFIX_HEADER = "PushBox/PushBox-Prefix.pch";
				INFOPLIST_FILE = "PushBox/PushBox-Info.plist";
				PRODUCT_NAME = "$(TARGET_NAME)";
				WRAPPER_EXTENSION = app;
			};
			name = Release;
		};
/* End XCBuildConfiguration section */

/* Begin XCConfigurationList section */
		CBDA5AE813DBEC1300FAE221 /* Build configuration list for PBXProject "PushBox" */ = {
			isa = XCConfigurationList;
			buildConfigurations = (
				CBDA5B0C13DBEC1300FAE221 /* Debug */,
				CBDA5B0D13DBEC1300FAE221 /* Release */,
			);
			defaultConfigurationIsVisible = 0;
			defaultConfigurationName = Release;
		};
		CBDA5B0E13DBEC1300FAE221 /* Build configuration list for PBXNativeTarget "PushBox" */ = {
			isa = XCConfigurationList;
			buildConfigurations = (
				CBDA5B0F13DBEC1300FAE221 /* Debug */,
				CBDA5B1013DBEC1300FAE221 /* Release */,
			);
			defaultConfigurationIsVisible = 0;
		};
/* End XCConfigurationList section */

/* Begin XCVersionGroup section */
		CBDA5B0913DBEC1300FAE221 /* PushBox.xcdatamodeld */ = {
			isa = XCVersionGroup;
			children = (
				CBDA5B0A13DBEC1300FAE221 /* PushBox.xcdatamodel */,
			);
			currentVersion = CBDA5B0A13DBEC1300FAE221 /* PushBox.xcdatamodel */;
			path = PushBox.xcdatamodeld;
			sourceTree = "<group>";
			versionGroupType = wrapper.xcdatamodel;
		};
/* End XCVersionGroup section */
	};
	rootObject = CBDA5AE513DBEC1300FAE221 /* Project object */;
}
